
Microsoft Visual Studio Solution File, Format Version 12.00
# Visual Studio 15
VisualStudioVersion = 15.0.28307.271
MinimumVisualStudioVersion = 10.0.40219.1
Project("{888888A0-9F3D-457C-B088-3A5042F75D52}") = "TrainFaceDetectionNetwork", "TrainFaceDetectionNetwork\TrainFaceDetectionNetwork.pyproj", "{344EE3CC-EC81-4462-BD57-63516A1E89E3}"
EndProject
Global
	GlobalSection(SolutionConfigurationPlatforms) = preSolution
		Debug|Any CPU = Debug|Any CPU
		Release|Any CPU = Release|Any CPU
	EndGlobalSection
	GlobalSection(ProjectConfigurationPlatforms) = postSolution
		{344EE3CC-EC81-4462-BD57-63516A1E89E3}.Debug|Any CPU.ActiveCfg = Debug|Any CPU
		{344EE3CC-EC81-4462-BD57-63516A1E89E3}.Release|Any CPU.ActiveCfg = Release|Any CPU
	EndGlobalSection
	GlobalSection(SolutionProperties) = preSolution
		HideSolutionNode = FALSE
	EndGlobalSection
	GlobalSection(ExtensibilityGlobals) = postSolution
		SolutionGuid = {B94CE6F5-CA31-4FBE-8866-6046B831B228}
	EndGlobalSection
EndGlobal
